
Microsoft Visual Studio Solution File, Format Version 12.00
# Visual Studio Version 17
VisualStudioVersion = 17.3.32825.248
MinimumVisualStudioVersion = 10.0.40219.1
Project("{9A19103F-16F7-4668-BE54-9A1E7A4F7556}") = "API", "API.csproj", "{B580FA58-EFE7-431E-9346-A4B5984F5056}"
EndProject
Global
	GlobalSection(SolutionConfigurationPlatforms) = preSolution
		Debug|Any CPU = Debug|Any CPU
		Release|Any CPU = Release|Any CPU
	EndGlobalSection
	GlobalSection(ProjectConfigurationPlatforms) = postSolution
		{B580FA58-EFE7-431E-9346-A4B5984F5056}.Debug|Any CPU.ActiveCfg = Debug|Any CPU
		{B580FA58-EFE7-431E-9346-A4B5984F5056}.Debug|Any CPU.Build.0 = Debug|Any CPU
		{B580FA58-EFE7-431E-9346-A4B5984F5056}.Release|Any CPU.ActiveCfg = Release|Any CPU
		{B580FA58-EFE7-431E-9346-A4B5984F5056}.Release|Any CPU.Build.0 = Release|Any CPU
	EndGlobalSection
	GlobalSection(SolutionProperties) = preSolution
		HideSolutionNode = FALSE
	EndGlobalSection
	GlobalSection(ExtensibilityGlobals) = postSolution
		SolutionGuid = {2E72D8B0-9624-4E46-8D52-0349FF6F650B}
	EndGlobalSection
EndGlobal
